github.com/google/uuid v1.6.0 h1:NIvaJDMOsjHA8n1jAhLSgzrAzy1Hgr+hNrb57e+94F0=
github.com/google/uuid v1.6.0/go.mod h1:TIyPZe4MgqvfeYDBFedMoGGpEw/LqOeaOT+nhxU+yHo=
github.com/unhanded/mytomake v0.0.2 h1:y9GXnuK9TqO7Q8/ZJDCdzwIi0gX518g5MYW7g81pR6I=
github.com/unhanded/mytomake v0.0.2/go.mod h1:dp7TmMYB+2T+q7Dkqml+IsogNxVgqn6BZAS7QapBfXE=
